
Microsoft Visual Studio Solution File, Format Version 12.00
# Visual Studio Version 17
VisualStudioVersion = 17.2.32630.192
MinimumVisualStudioVersion = 10.0.40219.1
Project("{FAE04EC0-301F-11D3-BF4B-00C04F79EFBC}") = "FluentValidation-Example", "FluentValidation-Example\FluentValidation-Example.csproj", "{73B5B331-FD9A-40A5-A903-A92C605545B0}"
EndProject
Global
	GlobalSection(SolutionConfigurationPlatforms) = preSolution
		Debug|Any CPU = Debug|Any CPU
		Release|Any CPU = Release|Any CPU
	EndGlobalSection
	GlobalSection(ProjectConfigurationPlatforms) = postSolution
		{73B5B331-FD9A-40A5-A903-A92C605545B0}.Debug|Any CPU.ActiveCfg = Debug|Any CPU
		{73B5B331-FD9A-40A5-A903-A92C605545B0}.Debug|Any CPU.Build.0 = Debug|Any CPU
		{73B5B331-FD9A-40A5-A903-A92C605545B0}.Release|Any CPU.ActiveCfg = Release|Any CPU
		{73B5B331-FD9A-40A5-A903-A92C605545B0}.Release|Any CPU.Build.0 = Release|Any CPU
	EndGlobalSection
	GlobalSection(SolutionProperties) = preSolution
		HideSolutionNode = FALSE
	EndGlobalSection
	GlobalSection(ExtensibilityGlobals) = postSolution
		SolutionGuid = {1B9B4502-52A4-4CA8-B6C2-D49181BA2FFA}
	EndGlobalSection
EndGlobal
